
Microsoft Visual Studio Solution File, Format Version 12.00
# Visual Studio Version 17
VisualStudioVersion = 17.1.32328.378
MinimumVisualStudioVersion = 10.0.40219.1
Project("{FAE04EC0-301F-11D3-BF4B-00C04F79EFBC}") = "PrototypeRoebiRPC", "PrototypeRoebiRPC\PrototypeRoebiRPC.csproj", "{E8E4F972-352D-4898-AC41-820536B31DB3}"
EndProject
Global
	GlobalSection(SolutionConfigurationPlatforms) = preSolution
		Debug|Any CPU = Debug|Any CPU
		Release|Any CPU = Release|Any CPU
	EndGlobalSection
	GlobalSection(ProjectConfigurationPlatforms) = postSolution
		{E8E4F972-352D-4898-AC41-820536B31DB3}.Debug|Any CPU.ActiveCfg = Debug|Any CPU
		{E8E4F972-352D-4898-AC41-820536B31DB3}.Debug|Any CPU.Build.0 = Debug|Any CPU
		{E8E4F972-352D-4898-AC41-820536B31DB3}.Release|Any CPU.ActiveCfg = Release|Any CPU
		{E8E4F972-352D-4898-AC41-820536B31DB3}.Release|Any CPU.Build.0 = Release|Any CPU
	EndGlobalSection
	GlobalSection(SolutionProperties) = preSolution
		HideSolutionNode = FALSE
	EndGlobalSection
	GlobalSection(ExtensibilityGlobals) = postSolution
		SolutionGuid = {77B15FD6-0A5E-4683-A88A-1730B982E188}
	EndGlobalSection
EndGlobal
